// !$*UTF8*$!
{
	archiveVersion = 1;
	classes = {
	};
	objectVersion = 46;
	objects = {

/* Begin PBXBuildFile section */
		952374F21CDBEEAE0023E453 /* Alamofire.framework in Frameworks */ = {isa = PBXBuildFile; fileRef = 952374F01CDBEEAE0023E453 /* Alamofire.framework */; };
		952374F31CDBEEAE0023E453 /* Alamofire.framework in Embed Frameworks */ = {isa = PBXBuildFile; fileRef = 952374F01CDBEEAE0023E453 /* Alamofire.framework */; settings = {ATTRIBUTES = (CodeSignOnCopy, RemoveHeadersOnCopy, ); }; };
		952374F41CDBEEAE0023E453 /* SwiftyJSON.framework in Frameworks */ = {isa = PBXBuildFile; fileRef = 952374F11CDBEEAE0023E453 /* SwiftyJSON.framework */; };
		952374F51CDBEEAE0023E453 /* SwiftyJSON.framework in Embed Frameworks */ = {isa = PBXBuildFile; fileRef = 952374F11CDBEEAE0023E453 /* SwiftyJSON.framework */; settings = {ATTRIBUTES = (CodeSignOnCopy, RemoveHeadersOnCopy, ); }; };
		95F703DE1CDBDE6D001BB6EF /* AppDelegate.swift in Sources */ = {isa = PBXBuildFile; fileRef = 95F703DD1CDBDE6D001BB6EF /* AppDelegate.swift */; };
		95F703E01CDBDE6D001BB6EF /* ViewController.swift in Sources */ = {isa = PBXBuildFile; fileRef = 95F703DF1CDBDE6D001BB6EF /* ViewController.swift */; };
		95F703E31CDBDE6D001BB6EF /* Main.storyboard in Resources */ = {isa = PBXBuildFile; fileRef = 95F703E11CDBDE6D001BB6EF /* Main.storyboard */; };
		95F703E51CDBDE6D001BB6EF /* Assets.xcassets in Resources */ = {isa = PBXBuildFile; fileRef = 95F703E41CDBDE6D001BB6EF /* Assets.xcassets */; };
		95F703E81CDBDE6D001BB6EF /* LaunchScreen.storyboard in Resources */ = {isa = PBXBuildFile; fileRef = 95F703E61CDBDE6D001BB6EF /* LaunchScreen.storyboard */; };
		95F703F31CDBDE6D001BB6EF /* SimpleDriveTests.swift in Sources */ = {isa = PBXBuildFile; fileRef = 95F703F21CDBDE6D001BB6EF /* SimpleDriveTests.swift */; };
		95F703FE1CDBDE6E001BB6EF /* SimpleDriveUITests.swift in Sources */ = {isa = PBXBuildFile; fileRef = 95F703FD1CDBDE6E001BB6EF /* SimpleDriveUITests.swift */; };
/* End PBXBuildFile section */

/* Begin PBXContainerItemProxy section */
		95F703EF1CDBDE6D001BB6EF /* PBXContainerItemProxy */ = {
			isa = PBXContainerItemProxy;
			containerPortal = 95F703D21CDBDE6D001BB6EF /* Project object */;
			proxyType = 1;
			remoteGlobalIDString = 95F703D91CDBDE6D001BB6EF;
			remoteInfo = SimpleDrive;
		};
		95F703FA1CDBDE6E001BB6EF /* PBXContainerItemProxy */ = {
			isa = PBXContainerItemProxy;
			containerPortal = 95F703D21CDBDE6D001BB6EF /* Project object */;
			proxyType = 1;
			remoteGlobalIDString = 95F703D91CDBDE6D001BB6EF;
			remoteInfo = SimpleDrive;
		};
/* End PBXContainerItemProxy section */

/* Begin PBXCopyFilesBuildPhase section */
		952374F61CDBEEAE0023E453 /* Embed Frameworks */ = {
			isa = PBXCopyFilesBuildPhase;
			buildActionMask = 2147483647;
			dstPath = "";
			dstSubfolderSpec = 10;
			files = (
				952374F51CDBEEAE0023E453 /* SwiftyJSON.framework in Embed Frameworks */,
				952374F31CDBEEAE0023E453 /* Alamofire.framework in Embed Frameworks */,
			);
			name = "Embed Frameworks";
			runOnlyForDeploymentPostprocessing = 0;
		};
/* End PBXCopyFilesBuildPhase section */

/* Begin PBXFileReference section */
		952374F01CDBEEAE0023E453 /* Alamofire.framework */ = {isa = PBXFileReference; lastKnownFileType = wrapper.framework; name = Alamofire.framework; path = Carthage/Build/iOS/Alamofire.framework; sourceTree = "<group>"; };
		952374F11CDBEEAE0023E453 /* SwiftyJSON.framework */ = {isa = PBXFileReference; lastKnownFileType = wrapper.framework; name = SwiftyJSON.framework; path = Carthage/Build/iOS/SwiftyJSON.framework; sourceTree = "<group>"; };
		95F703DA1CDBDE6D001BB6EF /* SimpleDrive.app */ = {isa = PBXFileReference; explicitFileType = wrapper.application; includeInIndex = 0; path = SimpleDrive.app; sourceTree = BUILT_PRODUCTS_DIR; };
		95F703DD1CDBDE6D001BB6EF /* AppDelegate.swift */ = {isa = PBXFileReference; lastKnownFileType = sourcecode.swift; path = AppDelegate.swift; sourceTree = "<group>"; };
		95F703DF1CDBDE6D001BB6EF /* ViewController.swift */ = {isa = PBXFileReference; lastKnownFileType = sourcecode.swift; path = ViewController.swift; sourceTree = "<group>"; };
		95F703E21CDBDE6D001BB6EF /* Base */ = {isa = PBXFileReference; lastKnownFileType = file.storyboard; name = Base; path = Base.lproj/Main.storyboard; sourceTree = "<group>"; };
		95F703E41CDBDE6D001BB6EF /* Assets.xcassets */ = {isa = PBXFileReference; lastKnownFileType = folder.assetcatalog; path = Assets.xcassets; sourceTree = "<group>"; };
		95F703E71CDBDE6D001BB6EF /* Base */ = {isa = PBXFileReference; lastKnownFileType = file.storyboard; name = Base; path = Base.lproj/LaunchScreen.storyboard; sourceTree = "<group>"; };
		95F703E91CDBDE6D001BB6EF /* Info.plist */ = {isa = PBXFileReference; lastKnownFileType = text.plist.xml; path = Info.plist; sourceTree = "<group>"; };
		95F703EE1CDBDE6D001BB6EF /* SimpleDriveTests.xctest */ = {isa = PBXFileReference; explicitFileType = wrapper.cfbundle; includeInIndex = 0; path = SimpleDriveTests.xctest; sourceTree = BUILT_PRODUCTS_DIR; };
		95F703F21CDBDE6D001BB6EF /* SimpleDriveTests.swift */ = {isa = PBXFileReference; lastKnownFileType = sourcecode.swift; path = SimpleDriveTests.swift; sourceTree = "<group>"; };
		95F703F41CDBDE6D001BB6EF /* Info.plist */ = {isa = PBXFileReference; lastKnownFileType = text.plist.xml; path = Info.plist; sourceTree = "<group>"; };
		95F703F91CDBDE6E001BB6EF /* SimpleDriveUITests.xctest */ = {isa = PBXFileReference; explicitFileType = wrapper.cfbundle; includeInIndex = 0; path = SimpleDriveUITests.xctest; sourceTree = BUILT_PRODUCTS_DIR; };
		95F703FD1CDBDE6E001BB6EF /* SimpleDriveUITests.swift */ = {isa = PBXFileReference; lastKnownFileType = sourcecode.swift; path = SimpleDriveUITests.swift; sourceTree = "<group>"; };
		95F703FF1CDBDE6E001BB6EF /* Info.plist */ = {isa = PBXFileReference; lastKnownFileType = text.plist.xml; path = Info.plist; sourceTree = "<group>"; };
/* End PBXFileReference section */

/* Begin PBXFrameworksBuildPhase section */
		95F703D71CDBDE6D001BB6EF /* Frameworks */ = {
			isa = PBXFrameworksBuildPhase;
			buildActionMask = 2147483647;
			files = (
				952374F41CDBEEAE0023E453 /* SwiftyJSON.framework in Frameworks */,
				952374F21CDBEEAE0023E453 /* Alamofire.framework in Frameworks */,
			);
			runOnlyForDeploymentPostprocessing = 0;
		};
		95F703EB1CDBDE6D001BB6EF /* Frameworks */ = {
			isa = PBXFrameworksBuildPhase;
			buildActionMask = 2147483647;
			files = (
			);
			runOnlyForDeploymentPostprocessing = 0;
		};
		95F703F61CDBDE6E001BB6EF /* Frameworks */ = {
			isa = PBXFrameworksBuildPhase;
			buildActionMask = 2147483647;
			files = (
			);
			runOnlyForDeploymentPostprocessing = 0;
		};
/* End PBXFrameworksBuildPhase section */

/* Begin PBXGroup section */
		95F703D11CDBDE6D001BB6EF = {
			isa = PBXGroup;
			children = (
				952374F01CDBEEAE0023E453 /* Alamofire.framework */,
				952374F11CDBEEAE0023E453 /* SwiftyJSON.framework */,
				95F703DC1CDBDE6D001BB6EF /* SimpleDrive */,
				95F703F11CDBDE6D001BB6EF /* SimpleDriveTests */,
				95F703FC1CDBDE6E001BB6EF /* SimpleDriveUITests */,
				95F703DB1CDBDE6D001BB6EF /* Products */,
			);
			sourceTree = "<group>";
		};
		95F703DB1CDBDE6D001BB6EF /* Products */ = {
			isa = PBXGroup;
			children = (
				95F703DA1CDBDE6D001BB6EF /* SimpleDrive.app */,
				95F703EE1CDBDE6D001BB6EF /* SimpleDriveTests.xctest */,
				95F703F91CDBDE6E001BB6EF /* SimpleDriveUITests.xctest */,
			);
			name = Products;
			sourceTree = "<group>";
		};
		95F703DC1CDBDE6D001BB6EF /* SimpleDrive */ = {
			isa = PBXGroup;
			children = (
				95F703DD1CDBDE6D001BB6EF /* AppDelegate.swift */,
				95F703DF1CDBDE6D001BB6EF /* ViewController.swift */,
				95F703E11CDBDE6D001BB6EF /* Main.storyboard */,
				95F703E41CDBDE6D001BB6EF /* Assets.xcassets */,
				95F703E61CDBDE6D001BB6EF /* LaunchScreen.storyboard */,
				95F703E91CDBDE6D001BB6EF /* Info.plist */,
			);
			path = SimpleDrive;
			sourceTree = "<group>";
		};
		95F703F11CDBDE6D001BB6EF /* SimpleDriveTests */ = {
			isa = PBXGroup;
			children = (
				95F703F21CDBDE6D001BB6EF /* SimpleDriveTests.swift */,
				95F703F41CDBDE6D001BB6EF /* Info.plist */,
			);
			path = SimpleDriveTests;
			sourceTree = "<group>";
		};
		95F703FC1CDBDE6E001BB6EF /* SimpleDriveUITests */ = {
			isa = PBXGroup;
			children = (
				95F703FD1CDBDE6E001BB6EF /* SimpleDriveUITests.swift */,
				95F703FF1CDBDE6E001BB6EF /* Info.plist */,
			);
			path = SimpleDriveUITests;
			sourceTree = "<group>";
		};
/* End PBXGroup section */

/* Begin PBXNativeTarget section */
		95F703D91CDBDE6D001BB6EF /* SimpleDrive */ = {
			isa = PBXNativeTarget;
			buildConfigurationList = 95F704021CDBDE6E001BB6EF /* Build configuration list for PBXNativeTarget "SimpleDrive" */;
			buildPhases = (
				95F703D61CDBDE6D001BB6EF /* Sources */,
				95F703D71CDBDE6D001BB6EF /* Frameworks */,
				95F703D81CDBDE6D001BB6EF /* Resources */,
				952374F61CDBEEAE0023E453 /* Embed Frameworks */,
				952374F81CDBEEDC0023E453 /* ShellScript */,
			);
			buildRules = (
			);
			dependencies = (
			);
			name = SimpleDrive;
			productName = SimpleDrive;
			productReference = 95F703DA1CDBDE6D001BB6EF /* SimpleDrive.app */;
			productType = "com.apple.product-type.application";
		};
		95F703ED1CDBDE6D001BB6EF /* SimpleDriveTests */ = {
			isa = PBXNativeTarget;
			buildConfigurationList = 95F704051CDBDE6E001BB6EF /* Build configuration list for PBXNativeTarget "SimpleDriveTests" */;
			buildPhases = (
				95F703EA1CDBDE6D001BB6EF /* Sources */,
				95F703EB1CDBDE6D001BB6EF /* Frameworks */,
				95F703EC1CDBDE6D001BB6EF /* Resources */,
			);
			buildRules = (
			);
			dependencies = (
				95F703F01CDBDE6D001BB6EF /* PBXTargetDependency */,
			);
			name = SimpleDriveTests;
			productName = SimpleDriveTests;
			productReference = 95F703EE1CDBDE6D001BB6EF /* SimpleDriveTests.xctest */;
			productType = "com.apple.product-type.bundle.unit-test";
		};
		95F703F81CDBDE6E001BB6EF /* SimpleDriveUITests */ = {
			isa = PBXNativeTarget;
			buildConfigurationList = 95F704081CDBDE6E001BB6EF /* Build configuration list for PBXNativeTarget "SimpleDriveUITests" */;
			buildPhases = (
				95F703F51CDBDE6D001BB6EF /* Sources */,
				95F703F61CDBDE6E001BB6EF /* Frameworks */,
				95F703F71CDBDE6E001BB6EF /* Resources */,
			);
			buildRules = (
			);
			dependencies = (
				95F703FB1CDBDE6E001BB6EF /* PBXTargetDependency */,
			);
			name = SimpleDriveUITests;
			productName = SimpleDriveUITests;
			productReference = 95F703F91CDBDE6E001BB6EF /* SimpleDriveUITests.xctest */;
			productType = "com.apple.product-type.bundle.ui-testing";
		};
/* End PBXNativeTarget section */

/* Begin PBXProject section */
		95F703D21CDBDE6D001BB6EF /* Project object */ = {
			isa = PBXProject;
			attributes = {
				LastSwiftUpdateCheck = 0730;
				LastUpgradeCheck = 0730;
				ORGANIZATIONNAME = "Andrés Pizá Bückmann";
				TargetAttributes = {
					95F703D91CDBDE6D001BB6EF = {
						CreatedOnToolsVersion = 7.3;
					};
					95F703ED1CDBDE6D001BB6EF = {
						CreatedOnToolsVersion = 7.3;
						TestTargetID = 95F703D91CDBDE6D001BB6EF;
					};
					95F703F81CDBDE6E001BB6EF = {
						CreatedOnToolsVersion = 7.3;
						TestTargetID = 95F703D91CDBDE6D001BB6EF;
					};
				};
			};
			buildConfigurationList = 95F703D51CDBDE6D001BB6EF /* Build configuration list for PBXProject "SimpleDrive" */;
			compatibilityVersion = "Xcode 3.2";
			developmentRegion = English;
			hasScannedForEncodings = 0;
			knownRegions = (
				en,
				Base,
			);
			mainGroup = 95F703D11CDBDE6D001BB6EF;
			productRefGroup = 95F703DB1CDBDE6D001BB6EF /* Products */;
			projectDirPath = "";
			projectRoot = "";
			targets = (
				95F703D91CDBDE6D001BB6EF /* SimpleDrive */,
				95F703ED1CDBDE6D001BB6EF /* SimpleDriveTests */,
				95F703F81CDBDE6E001BB6EF /* SimpleDriveUITests */,
			);
		};
/* End PBXProject section */

/* Begin PBXResourcesBuildPhase section */
		95F703D81CDBDE6D001BB6EF /* Resources */ = {
			isa = PBXResourcesBuildPhase;
			buildActionMask = 2147483647;
			files = (
				95F703E81CDBDE6D001BB6EF /* LaunchScreen.storyboard in Resources */,
				95F703E51CDBDE6D001BB6EF /* Assets.xcassets in Resources */,
				95F703E31CDBDE6D001BB6EF /* Main.storyboard in Resources */,
			);
			runOnlyForDeploymentPostprocessing = 0;
		};
		95F703EC1CDBDE6D001BB6EF /* Resources */ = {
			isa = PBXResourcesBuildPhase;
			buildActionMask = 2147483647;
			files = (
			);
			runOnlyForDeploymentPostprocessing = 0;
		};
		95F703F71CDBDE6E001BB6EF /* Resources */ = {
			isa = PBXResourcesBuildPhase;
			buildActionMask = 2147483647;
			files = (
			);
			runOnlyForDeploymentPostprocessing = 0;
		};
/* End PBXResourcesBuildPhase section */

/* Begin PBXShellScriptBuildPhase section */
		952374F81CDBEEDC0023E453 /* ShellScript */ = {
			isa = PBXShellScriptBuildPhase;
			buildActionMask = 2147483647;
			files = (
			);
			inputPaths = (
				"$(SRCROOT)/Carthage/Build/iOS/Alamofire.framework",
				"$(SRCROOT)/Carthage/Build/iOS/SwiftyJSON.framework",
			);
			outputPaths = (
			);
			runOnlyForDeploymentPostprocessing = 0;
			shellPath = /bin/sh;
			shellScript = "/usr/local/bin/carthage copy-frameworks\n";
		};
/* End PBXShellScriptBuildPhase section */

/* Begin PBXSourcesBuildPhase section */
		95F703D61CDBDE6D001BB6EF /* Sources */ = {
			isa = PBXSourcesBuildPhase;
			buildActionMask = 2147483647;
			files = (
				95F703E01CDBDE6D001BB6EF /* ViewController.swift in Sources */,
				95F703DE1CDBDE6D001BB6EF /* AppDelegate.swift in Sources */,
			);
			runOnlyForDeploymentPostprocessing = 0;
		};
		95F703EA1CDBDE6D001BB6EF /* Sources */ = {
			isa = PBXSourcesBuildPhase;
			buildActionMask = 2147483647;
			files = (
				95F703F31CDBDE6D001BB6EF /* SimpleDriveTests.swift in Sources */,
			);
			runOnlyForDeploymentPostprocessing = 0;
		};
		95F703F51CDBDE6D001BB6EF /* Sources */ = {
			isa = PBXSourcesBuildPhase;
			buildActionMask = 2147483647;
			files = (
				95F703FE1CDBDE6E001BB6EF /* SimpleDriveUITests.swift in Sources */,
			);
			runOnlyForDeploymentPostprocessing = 0;
		};
/* End PBXSourcesBuildPhase section */

/* Begin PBXTargetDependency section */
		95F703F01CDBDE6D001BB6EF /* PBXTargetDependency */ = {
			isa = PBXTargetDependency;
			target = 95F703D91CDBDE6D001BB6EF /* SimpleDrive */;
			targetProxy = 95F703EF1CDBDE6D001BB6EF /* PBXContainerItemProxy */;
		};
		95F703FB1CDBDE6E001BB6EF /* PBXTargetDependency */ = {
			isa = PBXTargetDependency;
			target = 95F703D91CDBDE6D001BB6EF /* SimpleDrive */;
			targetProxy = 95F703FA1CDBDE6E001BB6EF /* PBXContainerItemProxy */;
		};
/* End PBXTargetDependency section */

/* Begin PBXVariantGroup section */
		95F703E11CDBDE6D001BB6EF /* Main.storyboard */ = {
			isa = PBXVariantGroup;
			children = (
				95F703E21CDBDE6D001BB6EF /* Base */,
			);
			name = Main.storyboard;
			sourceTree = "<group>";
		};
		95F703E61CDBDE6D001BB6EF /* LaunchScreen.storyboard */ = {
			isa = PBXVariantGroup;
			children = (
				95F703E71CDBDE6D001BB6EF /* Base */,
			);
			name = LaunchScreen.storyboard;
			sourceTree = "<group>";
		};
/* End PBXVariantGroup section */

/* Begin XCBuildConfiguration section */
		95F704001CDBDE6E001BB6EF /* Debug */ = {
			isa = XCBuildConfiguration;
			buildSettings = {
				ALWAYS_SEARCH_USER_PATHS = NO;
				CLANG_ANALYZER_NONNULL = YES;
				CLANG_CXX_LANGUAGE_STANDARD = "gnu++0x";
				CLANG_CXX_LIBRARY = "libc++";
				CLANG_ENABLE_MODULES = YES;
				CLANG_ENABLE_OBJC_ARC = YES;
				CLANG_WARN_BOOL_CONVERSION = YES;
				CLANG_WARN_CONSTANT_CONVERSION = YES;
				CLANG_WARN_DIRECT_OBJC_ISA_USAGE = YES_ERROR;
				CLANG_WARN_EMPTY_BODY = YES;
				CLANG_WARN_ENUM_CONVERSION = YES;
				CLANG_WARN_INT_CONVERSION = YES;
				CLANG_WARN_OBJC_ROOT_CLASS = YES_ERROR;
				CLANG_WARN_UNREACHABLE_CODE = YES;
				CLANG_WARN__DUPLICATE_METHOD_MATCH = YES;
				"CODE_SIGN_IDENTITY[sdk=iphoneos*]" = "iPhone Developer";
				COPY_PHASE_STRIP = NO;
				DEBUG_INFORMATION_FORMAT = dwarf;
				ENABLE_STRICT_OBJC_MSGSEND = YES;
				ENABLE_TESTABILITY = YES;
				GCC_C_LANGUAGE_STANDARD = gnu99;
				GCC_DYNAMIC_NO_PIC = NO;
				GCC_NO_COMMON_BLOCKS = YES;
				GCC_OPTIMIZATION_LEVEL = 0;
				GCC_PREPROCESSOR_DEFINITIONS = (
					"DEBUG=1",
					"$(inherited)",
				);
				GCC_WARN_64_TO_32_BIT_CONVERSION = YES;
				GCC_WARN_ABOUT_RETURN_TYPE = YES_ERROR;
				GCC_WARN_UNDECLARED_SELECTOR = YES;
				GCC_WARN_UNINITIALIZED_AUTOS = YES_AGGRESSIVE;
				GCC_WARN_UNUSED_FUNCTION = YES;
				GCC_WARN_UNUSED_VARIABLE = YES;
				IPHONEOS_DEPLOYMENT_TARGET = 9.3;
				MTL_ENABLE_DEBUG_INFO = YES;
				ONLY_ACTIVE_ARCH = YES;
				SDKROOT = iphoneos;
				SWIFT_OPTIMIZATION_LEVEL = "-Onone";
			};
			name = Debug;
		};
		95F704011CDBDE6E001BB6EF /* Release */ = {
			isa = XCBuildConfiguration;
			buildSettings = {
				ALWAYS_SEARCH_USER_PATHS = NO;
				CLANG_ANALYZER_NONNULL = YES;
				CLANG_CXX_LANGUAGE_STANDARD = "gnu++0x";
				CLANG_CXX_LIBRARY = "libc++";
				CLANG_ENABLE_MODULES = YES;
				CLANG_ENABLE_OBJC_ARC = YES;
				CLANG_WARN_BOOL_CONVERSION = YES;
				CLANG_WARN_CONSTANT_CONVERSION = YES;
				CLANG_WARN_DIRECT_OBJC_ISA_USAGE = YES_ERROR;
				CLANG_WARN_EMPTY_BODY = YES;
				CLANG_WARN_ENUM_CONVERSION = YES;
				CLANG_WARN_INT_CONVERSION = YES;
				CLANG_WARN_OBJC_ROOT_CLASS = YES_ERROR;
				CLANG_WARN_UNREACHABLE_CODE = YES;
				CLANG_WARN__DUPLICATE_METHOD_MATCH = YES;
				"CODE_SIGN_IDENTITY[sdk=iphoneos*]" = "iPhone Developer";
				COPY_PHASE_STRIP = NO;
				DEBUG_INFORMATION_FORMAT = "dwarf-with-dsym";
				ENABLE_NS_ASSERTIONS = NO;
				ENABLE_STRICT_OBJC_MSGSEND = YES;
				GCC_C_LANGUAGE_STANDARD = gnu99;
				GCC_NO_COMMON_BLOCKS = YES;
				GCC_WARN_64_TO_32_BIT_CONVERSION = YES;
				GCC_WARN_ABOUT_RETURN_TYPE = YES_ERROR;
				GCC_WARN_UNDECLARED_SELECTOR = YES;
				GCC_WARN_UNINITIALIZED_AUTOS = YES_AGGRESSIVE;
				GCC_WARN_UNUSED_FUNCTION = YES;
				GCC_WARN_UNUSED_VARIABLE = YES;
				IPHONEOS_DEPLOYMENT_TARGET = 9.3;
				MTL_ENABLE_DEBUG_INFO = NO;
				SDKROOT = iphoneos;
				VALIDATE_PRODUCT = YES;
			};
			name = Release;
		};
		95F704031CDBDE6E001BB6EF /* Debug */ = {
			isa = XCBuildConfiguration;
			buildSettings = {
				ASSETCATALOG_COMPILER_APPICON_NAME = AppIcon;
				FRAMEWORK_SEARCH_PATHS = (
					"$(inherited)",
					"$(PROJECT_DIR)/Carthage/Build/iOS",
				);
				INFOPLIST_FILE = SimpleDrive/Info.plist;
				LD_RUNPATH_SEARCH_PATHS = "$(inherited) @executable_path/Frameworks";
				PRODUCT_BUNDLE_IDENTIFIER = com.tovkal.SimpleDrive;
				PRODUCT_NAME = "$(TARGET_NAME)";
			};
			name = Debug;
		};
		95F704041CDBDE6E001BB6EF /* Release */ = {
			isa = XCBuildConfiguration;
			buildSettings = {
				ASSETCATALOG_COMPILER_APPICON_NAME = AppIcon;
				FRAMEWORK_SEARCH_PATHS = (
					"$(inherited)",
					"$(PROJECT_DIR)/Carthage/Build/iOS",
				);
				INFOPLIST_FILE = SimpleDrive/Info.plist;
				LD_RUNPATH_SEARCH_PATHS = "$(inherited) @executable_path/Frameworks";
				PRODUCT_BUNDLE_IDENTIFIER = com.tovkal.SimpleDrive;
				PRODUCT_NAME = "$(TARGET_NAME)";
			};
			name = Release;
		};
		95F704061CDBDE6E001BB6EF /* Debug */ = {
			isa = XCBuildConfiguration;
			buildSettings = {
				BUNDLE_LOADER = "$(TEST_HOST)";
				INFOPLIST_FILE = SimpleDriveTests/Info.plist;
				LD_RUNPATH_SEARCH_PATHS = "$(inherited) @executable_path/Frameworks @loader_path/Frameworks";
				PRODUCT_BUNDLE_IDENTIFIER = com.tovkal.SimpleDriveTests;
				PRODUCT_NAME = "$(TARGET_NAME)";
				TEST_HOST = "$(BUILT_PRODUCTS_DIR)/SimpleDrive.app/SimpleDrive";
			};
			name = Debug;
		};
		95F704071CDBDE6E001BB6EF /* Release */ = {
			isa = XCBuildConfiguration;
			buildSettings = {
				BUNDLE_LOADER = "$(TEST_HOST)";
				INFOPLIST_FILE = SimpleDriveTests/Info.plist;
				LD_RUNPATH_SEARCH_PATHS = "$(inherited) @executable_path/Frameworks @loader_path/Frameworks";
				PRODUCT_BUNDLE_IDENTIFIER = com.tovkal.SimpleDriveTests;
				PRODUCT_NAME = "$(TARGET_NAME)";
				TEST_HOST = "$(BUILT_PRODUCTS_DIR)/SimpleDrive.app/SimpleDrive";
			};
			name = Release;
		};
		95F704091CDBDE6E001BB6EF /* Debug */ = {
			isa = XCBuildConfiguration;
			buildSettings = {
				INFOPLIST_FILE = SimpleDriveUITests/Info.plist;
				LD_RUNPATH_SEARCH_PATHS = "$(inherited) @executable_path/Frameworks @loader_path/Frameworks";
				PRODUCT_BUNDLE_IDENTIFIER = com.tovkal.SimpleDriveUITests;
				PRODUCT_NAME = "$(TARGET_NAME)";
				TEST_TARGET_NAME = SimpleDrive;
			};
			name = Debug;
		};
		95F7040A1CDBDE6E001BB6EF /* Release */ = {
			isa = XCBuildConfiguration;
			buildSettings = {
				INFOPLIST_FILE = SimpleDriveUITests/Info.plist;
				LD_RUNPATH_SEARCH_PATHS = "$(inherited) @executable_path/Frameworks @loader_path/Frameworks";
				PRODUCT_BUNDLE_IDENTIFIER = com.tovkal.SimpleDriveUITests;
				PRODUCT_NAME = "$(TARGET_NAME)";
				TEST_TARGET_NAME = SimpleDrive;
			};
			name = Release;
		};
/* End XCBuildConfiguration section */

/* Begin XCConfigurationList section */
		95F703D51CDBDE6D001BB6EF /* Build configuration list for PBXProject "SimpleDrive" */ = {
			isa = XCConfigurationList;
			buildConfigurations = (
				95F704001CDBDE6E001BB6EF /* Debug */,
				95F704011CDBDE6E001BB6EF /* Release */,
			);
			defaultConfigurationIsVisible = 0;
			defaultConfigurationName = Release;
		};
		95F704021CDBDE6E001BB6EF /* Build configuration list for PBXNativeTarget "SimpleDrive" */ = {
			isa = XCConfigurationList;
			buildConfigurations = (
				95F704031CDBDE6E001BB6EF /* Debug */,
				95F704041CDBDE6E001BB6EF /* Release */,
			);
			defaultConfigurationIsVisible = 0;
			defaultConfigurationName = Release;
		};
		95F704051CDBDE6E001BB6EF /* Build configuration list for PBXNativeTarget "SimpleDriveTests" */ = {
			isa = XCConfigurationList;
			buildConfigurations = (
				95F704061CDBDE6E001BB6EF /* Debug */,
				95F704071CDBDE6E001BB6EF /* Release */,
			);
			defaultConfigurationIsVisible = 0;
			defaultConfigurationName = Release;
		};
		95F704081CDBDE6E001BB6EF /* Build configuration list for PBXNativeTarget "SimpleDriveUITests" */ = {
			isa = XCConfigurationList;
			buildConfigurations = (
				95F704091CDBDE6E001BB6EF /* Debug */,
				95F7040A1CDBDE6E001BB6EF /* Release */,
			);
			defaultConfigurationIsVisible = 0;
			defaultConfigurationName = Release;
		};
/* End XCConfigurationList section */
	};
	rootObject = 95F703D21CDBDE6D001BB6EF /* Project object */;
}
